<?xml version="1.0" encoding="utf-8"?>
<Project ToolsVersion="4.0" xmlns="http://schemas.microsoft.com/developer/msbuild/2003">
  <ItemGroup>
    <Filter Include="Header Files">
      <UniqueIdentifier>{93995380-89BD-4b04-88EB-625FBE52EBFB}</UniqueIdentifier>
      <Extensions>h;hh;hpp;hxx;hm;inl;inc;xsd</Extensions>
    </Filter>
    <Filter Include="libraries">
      <UniqueIdentifier>{8bc255c5-59bc-4fbf-8c11-04b67e192e3b}</UniqueIdentifier>
    </Filter>
    <Filter Include="libraries\glfw">
      <UniqueIdentifier>{ccc68bd7-909c-423d-9eba-23ca7d13f526}</UniqueIdentifier>
    </Filter>
    <Filter Include="libraries\glm">
      <UniqueIdentifier>{b549318b-7577-4b10-bbd3-743b6545a1ee}</UniqueIdentifier>
    </Filter>
    <Filter Include="libraries\imgui">
      <UniqueIdentifier>{7e388f9c-6d94-4b96-8186-a5890a63f6a9}</UniqueIdentifier>
    </Filter>
    <Filter Include="libraries\stb">
      <UniqueIdentifier>{72cd4fe0-8215-420f-b19b-b07af9bdd209}</UniqueIdentifier>
    </Filter>
    <Filter Include="Resource Files">
      <UniqueIdentifier>{67DA6AB6-F800-4c08-8B7A-83BB121AAD01}</UniqueIdentifier>
      <Extensions>rc;ico;cur;bmp;dlg;rc2;rct;bin;rgs;gif;jpg;jpeg;jpe;resx;tiff;tif;png;wav</Extensions>
    </Filter>
    <Filter Include="Source Files">
      <UniqueIdentifier>{4FC737F1-C7A5-4376-A066-2A32D752A2FF}</UniqueIdentifier>
      <Extensions>cpp;c;cc;cxx;def;odl;idl;hpj;bat;asm;asmx</Extensions>
    </Filter>
  </ItemGroup>
  <ItemGroup>
    <ClCompile Include="source\libraries\imgui\imgui.cpp">
      <Filter>libraries\imgui</Filter>
    </ClCompile>
    <ClCompile Include="source\libraries\imgui\imgui_demo.cpp">
      <Filter>libraries\imgui</Filter>
    </ClCompile>
    <ClCompile Include="source\libraries\imgui\imgui_draw.cpp">
      <Filter>libraries\imgui</Filter>
    </ClCompile>
    <ClCompile Include="source\libraries\imgui\imgui_impl_glfw.cpp">
      <Filter>libraries\imgui</Filter>
    </ClCompile>
    <ClCompile Include="source\libraries\imgui\imgui_impl_vulkan.cpp">
      <Filter>libraries\imgui</Filter>
    </ClCompile>
    <ClCompile Include="source\libraries\imgui\imgui_widgets.cpp">
      <Filter>libraries\imgui</Filter>
    </ClCompile>
    <ClCompile Include="source\src\core\hanoFile.cpp">
      <Filter>Source Files</Filter>
    </ClCompile>
    <ClCompile Include="source\src\hanoRenderer.cpp">
      <Filter>Source Files</Filter>
    </ClCompile>
    <ClCompile Include="source\src\main.cpp">
      <Filter>Source Files</Filter>
    </ClCompile>
    <ClCompile Include="source\src\vulkanHelpers\vkhBuffer.cpp">
      <Filter>Source Files</Filter>
    </ClCompile>
    <ClCompile Include="source\src\vulkanHelpers\vkhDebug.cpp">
      <Filter>Source Files</Filter>
    </ClCompile>
    <ClCompile Include="source\src\vulkanHelpers\vkhDepthBuffer.cpp">
      <Filter>Source Files</Filter>
    </ClCompile>
    <ClCompile Include="source\src\vulkanHelpers\vkhDescriptorPool.cpp">
      <Filter>Source Files</Filter>
    </ClCompile>
    <ClCompile Include="source\src\vulkanHelpers\vkhDescriptorSetLayout.cpp">
      <Filter>Source Files</Filter>
    </ClCompile>
    <ClCompile Include="source\src\vulkanHelpers\vkhDeviceMemory.cpp">
      <Filter>Source Files</Filter>
    </ClCompile>
    <ClCompile Include="source\src\vulkanHelpers\vkhFence.cpp">
      <Filter>Source Files</Filter>
    </ClCompile>
    <ClCompile Include="source\src\vulkanHelpers\vkhFrameBuffer.cpp">
      <Filter>Source Files</Filter>
    </ClCompile>
    <ClCompile Include="source\src\vulkanHelpers\vkhImage.cpp">
      <Filter>Source Files</Filter>
    </ClCompile>
    <ClCompile Include="source\src\vulkanHelpers\vkhImageView.cpp">
      <Filter>Source Files</Filter>
    </ClCompile>
    <ClCompile Include="source\src\vulkanHelpers\vkhRenderPass.cpp">
      <Filter>Source Files</Filter>
    </ClCompile>
    <ClCompile Include="source\src\vulkanHelpers\vkhSemaphore.cpp">
      <Filter>Source Files</Filter>
    </ClCompile>
    <ClCompile Include="source\src\vulkanHelpers\vkhShaderModule.cpp">
      <Filter>Source Files</Filter>
    </ClCompile>
    <ClCompile Include="source\src\vulkanHelpers\vkhSurface.cpp">
      <Filter>Source Files</Filter>
    </ClCompile>
    <ClCompile Include="source\src\vulkanHelpers\vkhSwapchain.cpp">
      <Filter>Source Files</Filter>
    </ClCompile>
  </ItemGroup>
  <ItemGroup>
    <ClInclude Include="source\include\core\hanoConfig.hpp">
      <Filter>Header Files</Filter>
    </ClInclude>
    <ClInclude Include="source\include\core\hanoException.hpp">
      <Filter>Header Files</Filter>
    </ClInclude>
    <ClInclude Include="source\include\core\hanoFile.hpp">
      <Filter>Header Files</Filter>
    </ClInclude>
    <ClInclude Include="source\include\core\logger.hpp">
      <Filter>Header Files</Filter>
    </ClInclude>
    <ClInclude Include="source\include\hanoRenderer.hpp">
      <Filter>Header Files</Filter>
    </ClInclude>
    <ClInclude Include="source\include\vulkanHelper.hpp">
      <Filter>Header Files</Filter>
    </ClInclude>
    <ClInclude Include="source\include\vulkanHelpers\vkhBuffer.hpp">
      <Filter>Header Files</Filter>
    </ClInclude>
    <ClInclude Include="source\include\vulkanHelpers\vkhCommandBuffers.hpp">
      <Filter>Header Files</Filter>
    </ClInclude>
    <ClInclude Include="source\include\vulkanHelpers\vkhCommandPool.hpp">
      <Filter>Header Files</Filter>
    </ClInclude>
    <ClInclude Include="source\include\vulkanHelpers\vkhDebug.hpp">
      <Filter>Header Files</Filter>
    </ClInclude>
    <ClInclude Include="source\include\vulkanHelpers\vkhDepthBuffer.hpp">
      <Filter>Header Files</Filter>
    </ClInclude>
    <ClInclude Include="source\include\vulkanHelpers\vkhDescriptorBinding.hpp">
      <Filter>Header Files</Filter>
    </ClInclude>
    <ClInclude Include="source\include\vulkanHelpers\vkhDescriptorPool.hpp">
      <Filter>Header Files</Filter>
    </ClInclude>
    <ClInclude Include="source\include\vulkanHelpers\vkhDescriptorSetLayout.hpp">
      <Filter>Header Files</Filter>
    </ClInclude>
    <ClInclude Include="source\include\vulkanHelpers\vkhDevice.hpp">
      <Filter>Header Files</Filter>
    </ClInclude>
    <ClInclude Include="source\include\vulkanHelpers\vkhDeviceMemory.hpp">
      <Filter>Header Files</Filter>
    </ClInclude>
    <ClInclude Include="source\include\vulkanHelpers\vkhFence.hpp">
      <Filter>Header Files</Filter>
    </ClInclude>
    <ClInclude Include="source\include\vulkanHelpers\vkhFrameBuffer.hpp">
      <Filter>Header Files</Filter>
    </ClInclude>
    <ClInclude Include="source\include\vulkanHelpers\vkhGraphicsPipeline.hpp">
      <Filter>Header Files</Filter>
    </ClInclude>
    <ClInclude Include="source\include\vulkanHelpers\vkhImage.hpp">
      <Filter>Header Files</Filter>
    </ClInclude>
    <ClInclude Include="source\include\vulkanHelpers\vkhImageView.hpp">
      <Filter>Header Files</Filter>
    </ClInclude>
    <ClInclude Include="source\include\vulkanHelpers\vkhInstance.hpp">
      <Filter>Header Files</Filter>
    </ClInclude>
    <ClInclude Include="source\include\vulkanHelpers\vkhRenderPass.hpp">
      <Filter>Header Files</Filter>
    </ClInclude>
    <ClInclude Include="source\include\vulkanHelpers\vkhSemaphore.hpp">
      <Filter>Header Files</Filter>
    </ClInclude>
    <ClInclude Include="source\include\vulkanHelpers\vkhShaderModule.hpp">
      <Filter>Header Files</Filter>
    </ClInclude>
    <ClInclude Include="source\include\vulkanHelpers\vkhSurface.hpp">
      <Filter>Header Files</Filter>
    </ClInclude>
    <ClInclude Include="source\include\vulkanHelpers\vkhSwapchain.hpp">
      <Filter>Header Files</Filter>
    </ClInclude>
    <ClInclude Include="source\include\vulkanHelpers\vkhUtility.hpp">
      <Filter>Header Files</Filter>
    </ClInclude>
    <ClInclude Include="source\libraries\glfw\glfw3.h">
      <Filter>libraries\glfw</Filter>
    </ClInclude>
    <ClInclude Include="source\libraries\glfw\glfw3native.h">
      <Filter>libraries\glfw</Filter>
    </ClInclude>
    <ClInclude Include="source\libraries\glm\common.hpp">
      <Filter>libraries\glm</Filter>
    </ClInclude>
    <ClInclude Include="source\libraries\glm\detail\_features.hpp">
      <Filter>libraries\glm</Filter>
    </ClInclude>
    <ClInclude Include="source\libraries\glm\detail\_fixes.hpp">
      <Filter>libraries\glm</Filter>
    </ClInclude>
    <ClInclude Include="source\libraries\glm\detail\_noise.hpp">
      <Filter>libraries\glm</Filter>
    </ClInclude>
    <ClInclude Include="source\libraries\glm\detail\_swizzle.hpp">
      <Filter>libraries\glm</Filter>
    </ClInclude>
    <ClInclude Include="source\libraries\glm\detail\_swizzle_func.hpp">
      <Filter>libraries\glm</Filter>
    </ClInclude>
    <ClInclude Include="source\libraries\glm\detail\_vectorize.hpp">
      <Filter>libraries\glm</Filter>
    </ClInclude>
    <ClInclude Include="source\libraries\glm\detail\func_common.hpp">
      <Filter>libraries\glm</Filter>
    </ClInclude>
    <ClInclude Include="source\libraries\glm\detail\func_exponential.hpp">
      <Filter>libraries\glm</Filter>
    </ClInclude>
    <ClInclude Include="source\libraries\glm\detail\func_geometric.hpp">
      <Filter>libraries\glm</Filter>
    </ClInclude>
    <ClInclude Include="source\libraries\glm\detail\func_integer.hpp">
      <Filter>libraries\glm</Filter>
    </ClInclude>
    <ClInclude Include="source\libraries\glm\detail\func_matrix.hpp">
      <Filter>libraries\glm</Filter>
    </ClInclude>
    <ClInclude Include="source\libraries\glm\detail\func_packing.hpp">
      <Filter>libraries\glm</Filter>
    </ClInclude>
    <ClInclude Include="source\libraries\glm\detail\func_trigonometric.hpp">
      <Filter>libraries\glm</Filter>
    </ClInclude>
    <ClInclude Include="source\libraries\glm\detail\func_vector_relational.hpp">
      <Filter>libraries\glm</Filter>
    </ClInclude>
    <ClInclude Include="source\libraries\glm\detail\glm_instantiation.hpp">
      <Filter>libraries\glm</Filter>
    </ClInclude>
    <ClInclude Include="source\libraries\glm\detail\precision.hpp">
      <Filter>libraries\glm</Filter>
    </ClInclude>
    <ClInclude Include="source\libraries\glm\detail\setup.hpp">
      <Filter>libraries\glm</Filter>
    </ClInclude>
    <ClInclude Include="source\libraries\glm\detail\type_float.hpp">
      <Filter>libraries\glm</Filter>
    </ClInclude>
    <ClInclude Include="source\libraries\glm\detail\type_gentype.hpp">
      <Filter>libraries\glm</Filter>
    </ClInclude>
    <ClInclude Include="source\libraries\glm\detail\type_half.hpp">
      <Filter>libraries\glm</Filter>
    </ClInclude>
    <ClInclude Include="source\libraries\glm\detail\type_int.hpp">
      <Filter>libraries\glm</Filter>
    </ClInclude>
    <ClInclude Include="source\libraries\glm\detail\type_mat.hpp">
      <Filter>libraries\glm</Filter>
    </ClInclude>
    <ClInclude Include="source\libraries\glm\detail\type_mat2x2.hpp">
      <Filter>libraries\glm</Filter>
    </ClInclude>
    <ClInclude Include="source\libraries\glm\detail\type_mat2x3.hpp">
      <Filter>libraries\glm</Filter>
    </ClInclude>
    <ClInclude Include="source\libraries\glm\detail\type_mat2x4.hpp">
      <Filter>libraries\glm</Filter>
    </ClInclude>
    <ClInclude Include="source\libraries\glm\detail\type_mat3x2.hpp">
      <Filter>libraries\glm</Filter>
    </ClInclude>
    <ClInclude Include="source\libraries\glm\detail\type_mat3x3.hpp">
      <Filter>libraries\glm</Filter>
    </ClInclude>
    <ClInclude Include="source\libraries\glm\detail\type_mat3x4.hpp">
      <Filter>libraries\glm</Filter>
    </ClInclude>
    <ClInclude Include="source\libraries\glm\detail\type_mat4x2.hpp">
      <Filter>libraries\glm</Filter>
    </ClInclude>
    <ClInclude Include="source\libraries\glm\detail\type_mat4x3.hpp">
      <Filter>libraries\glm</Filter>
    </ClInclude>
    <ClInclude Include="source\libraries\glm\detail\type_mat4x4.hpp">
      <Filter>libraries\glm</Filter>
    </ClInclude>
    <ClInclude Include="source\libraries\glm\detail\type_vec.hpp">
      <Filter>libraries\glm</Filter>
    </ClInclude>
    <ClInclude Include="source\libraries\glm\detail\type_vec1.hpp">
      <Filter>libraries\glm</Filter>
    </ClInclude>
    <ClInclude Include="source\libraries\glm\detail\type_vec2.hpp">
      <Filter>libraries\glm</Filter>
    </ClInclude>
    <ClInclude Include="source\libraries\glm\detail\type_vec3.hpp">
      <Filter>libraries\glm</Filter>
    </ClInclude>
    <ClInclude Include="source\libraries\glm\detail\type_vec4.hpp">
      <Filter>libraries\glm</Filter>
    </ClInclude>
    <ClInclude Include="source\libraries\glm\exponential.hpp">
      <Filter>libraries\glm</Filter>
    </ClInclude>
    <ClInclude Include="source\libraries\glm\ext.hpp">
      <Filter>libraries\glm</Filter>
    </ClInclude>
    <ClInclude Include="source\libraries\glm\fwd.hpp">
      <Filter>libraries\glm</Filter>
    </ClInclude>
    <ClInclude Include="source\libraries\glm\geometric.hpp">
      <Filter>libraries\glm</Filter>
    </ClInclude>
    <ClInclude Include="source\libraries\glm\glm.hpp">
      <Filter>libraries\glm</Filter>
    </ClInclude>
    <ClInclude Include="source\libraries\glm\gtc\bitfield.hpp">
      <Filter>libraries\glm</Filter>
    </ClInclude>
    <ClInclude Include="source\libraries\glm\gtc\color_space.hpp">
      <Filter>libraries\glm</Filter>
    </ClInclude>
    <ClInclude Include="source\libraries\glm\gtc\constants.hpp">
      <Filter>libraries\glm</Filter>
    </ClInclude>
    <ClInclude Include="source\libraries\glm\gtc\epsilon.hpp">
      <Filter>libraries\glm</Filter>
    </ClInclude>
    <ClInclude Include="source\libraries\glm\gtc\functions.hpp">
      <Filter>libraries\glm</Filter>
    </ClInclude>
    <ClInclude Include="source\libraries\glm\gtc\integer.hpp">
      <Filter>libraries\glm</Filter>
    </ClInclude>
    <ClInclude Include="source\libraries\glm\gtc\matrix_access.hpp">
      <Filter>libraries\glm</Filter>
    </ClInclude>
    <ClInclude Include="source\libraries\glm\gtc\matrix_integer.hpp">
      <Filter>libraries\glm</Filter>
    </ClInclude>
    <ClInclude Include="source\libraries\glm\gtc\matrix_inverse.hpp">
      <Filter>libraries\glm</Filter>
    </ClInclude>
    <ClInclude Include="source\libraries\glm\gtc\matrix_transform.hpp">
      <Filter>libraries\glm</Filter>
    </ClInclude>
    <ClInclude Include="source\libraries\glm\gtc\noise.hpp">
      <Filter>libraries\glm</Filter>
    </ClInclude>
    <ClInclude Include="source\libraries\glm\gtc\packing.hpp">
      <Filter>libraries\glm</Filter>
    </ClInclude>
    <ClInclude Include="source\libraries\glm\gtc\quaternion.hpp">
      <Filter>libraries\glm</Filter>
    </ClInclude>
    <ClInclude Include="source\libraries\glm\gtc\random.hpp">
      <Filter>libraries\glm</Filter>
    </ClInclude>
    <ClInclude Include="source\libraries\glm\gtc\reciprocal.hpp">
      <Filter>libraries\glm</Filter>
    </ClInclude>
    <ClInclude Include="source\libraries\glm\gtc\round.hpp">
      <Filter>libraries\glm</Filter>
    </ClInclude>
    <ClInclude Include="source\libraries\glm\gtc\type_aligned.hpp">
      <Filter>libraries\glm</Filter>
    </ClInclude>
    <ClInclude Include="source\libraries\glm\gtc\type_precision.hpp">
      <Filter>libraries\glm</Filter>
    </ClInclude>
    <ClInclude Include="source\libraries\glm\gtc\type_ptr.hpp">
      <Filter>libraries\glm</Filter>
    </ClInclude>
    <ClInclude Include="source\libraries\glm\gtc\ulp.hpp">
      <Filter>libraries\glm</Filter>
    </ClInclude>
    <ClInclude Include="source\libraries\glm\gtc\vec1.hpp">
      <Filter>libraries\glm</Filter>
    </ClInclude>
    <ClInclude Include="source\libraries\glm\gtx\associated_min_max.hpp">
      <Filter>libraries\glm</Filter>
    </ClInclude>
    <ClInclude Include="source\libraries\glm\gtx\bit.hpp">
      <Filter>libraries\glm</Filter>
    </ClInclude>
    <ClInclude Include="source\libraries\glm\gtx\closest_point.hpp">
      <Filter>libraries\glm</Filter>
    </ClInclude>
    <ClInclude Include="source\libraries\glm\gtx\color_space.hpp">
      <Filter>libraries\glm</Filter>
    </ClInclude>
    <ClInclude Include="source\libraries\glm\gtx\color_space_YCoCg.hpp">
      <Filter>libraries\glm</Filter>
    </ClInclude>
    <ClInclude Include="source\libraries\glm\gtx\common.hpp">
      <Filter>libraries\glm</Filter>
    </ClInclude>
    <ClInclude Include="source\libraries\glm\gtx\compatibility.hpp">
      <Filter>libraries\glm</Filter>
    </ClInclude>
    <ClInclude Include="source\libraries\glm\gtx\component_wise.hpp">
      <Filter>libraries\glm</Filter>
    </ClInclude>
    <ClInclude Include="source\libraries\glm\gtx\dual_quaternion.hpp">
      <Filter>libraries\glm</Filter>
    </ClInclude>
    <ClInclude Include="source\libraries\glm\gtx\euler_angles.hpp">
      <Filter>libraries\glm</Filter>
    </ClInclude>
    <ClInclude Include="source\libraries\glm\gtx\extend.hpp">
      <Filter>libraries\glm</Filter>
    </ClInclude>
    <ClInclude Include="source\libraries\glm\gtx\extended_min_max.hpp">
      <Filter>libraries\glm</Filter>
    </ClInclude>
    <ClInclude Include="source\libraries\glm\gtx\fast_exponential.hpp">
      <Filter>libraries\glm</Filter>
    </ClInclude>
    <ClInclude Include="source\libraries\glm\gtx\fast_square_root.hpp">
      <Filter>libraries\glm</Filter>
    </ClInclude>
    <ClInclude Include="source\libraries\glm\gtx\fast_trigonometry.hpp">
      <Filter>libraries\glm</Filter>
    </ClInclude>
    <ClInclude Include="source\libraries\glm\gtx\gradient_paint.hpp">
      <Filter>libraries\glm</Filter>
    </ClInclude>
    <ClInclude Include="source\libraries\glm\gtx\handed_coordinate_space.hpp">
      <Filter>libraries\glm</Filter>
    </ClInclude>
    <ClInclude Include="source\libraries\glm\gtx\hash.hpp">
      <Filter>libraries\glm</Filter>
    </ClInclude>
    <ClInclude Include="source\libraries\glm\gtx\integer.hpp">
      <Filter>libraries\glm</Filter>
    </ClInclude>
    <ClInclude Include="source\libraries\glm\gtx\intersect.hpp">
      <Filter>libraries\glm</Filter>
    </ClInclude>
    <ClInclude Include="source\libraries\glm\gtx\io.hpp">
      <Filter>libraries\glm</Filter>
    </ClInclude>
    <ClInclude Include="source\libraries\glm\gtx\log_base.hpp">
      <Filter>libraries\glm</Filter>
    </ClInclude>
    <ClInclude Include="source\libraries\glm\gtx\matrix_cross_product.hpp">
      <Filter>libraries\glm</Filter>
    </ClInclude>
    <ClInclude Include="source\libraries\glm\gtx\matrix_decompose.hpp">
      <Filter>libraries\glm</Filter>
    </ClInclude>
    <ClInclude Include="source\libraries\glm\gtx\matrix_interpolation.hpp">
      <Filter>libraries\glm</Filter>
    </ClInclude>
    <ClInclude Include="source\libraries\glm\gtx\matrix_major_storage.hpp">
      <Filter>libraries\glm</Filter>
    </ClInclude>
    <ClInclude Include="source\libraries\glm\gtx\matrix_operation.hpp">
      <Filter>libraries\glm</Filter>
    </ClInclude>
    <ClInclude Include="source\libraries\glm\gtx\matrix_query.hpp">
      <Filter>libraries\glm</Filter>
    </ClInclude>
    <ClInclude Include="source\libraries\glm\gtx\matrix_transform_2d.hpp">
      <Filter>libraries\glm</Filter>
    </ClInclude>
    <ClInclude Include="source\libraries\glm\gtx\mixed_product.hpp">
      <Filter>libraries\glm</Filter>
    </ClInclude>
    <ClInclude Include="source\libraries\glm\gtx\norm.hpp">
      <Filter>libraries\glm</Filter>
    </ClInclude>
    <ClInclude Include="source\libraries\glm\gtx\normal.hpp">
      <Filter>libraries\glm</Filter>
    </ClInclude>
    <ClInclude Include="source\libraries\glm\gtx\normalize_dot.hpp">
      <Filter>libraries\glm</Filter>
    </ClInclude>
    <ClInclude Include="source\libraries\glm\gtx\number_precision.hpp">
      <Filter>libraries\glm</Filter>
    </ClInclude>
    <ClInclude Include="source\libraries\glm\gtx\optimum_pow.hpp">
      <Filter>libraries\glm</Filter>
    </ClInclude>
    <ClInclude Include="source\libraries\glm\gtx\orthonormalize.hpp">
      <Filter>libraries\glm</Filter>
    </ClInclude>
    <ClInclude Include="source\libraries\glm\gtx\perpendicular.hpp">
      <Filter>libraries\glm</Filter>
    </ClInclude>
    <ClInclude Include="source\libraries\glm\gtx\polar_coordinates.hpp">
      <Filter>libraries\glm</Filter>
    </ClInclude>
    <ClInclude Include="source\libraries\glm\gtx\projection.hpp">
      <Filter>libraries\glm</Filter>
    </ClInclude>
    <ClInclude Include="source\libraries\glm\gtx\quaternion.hpp">
      <Filter>libraries\glm</Filter>
    </ClInclude>
    <ClInclude Include="source\libraries\glm\gtx\range.hpp">
      <Filter>libraries\glm</Filter>
    </ClInclude>
    <ClInclude Include="source\libraries\glm\gtx\raw_data.hpp">
      <Filter>libraries\glm</Filter>
    </ClInclude>
    <ClInclude Include="source\libraries\glm\gtx\rotate_normalized_axis.hpp">
      <Filter>libraries\glm</Filter>
    </ClInclude>
    <ClInclude Include="source\libraries\glm\gtx\rotate_vector.hpp">
      <Filter>libraries\glm</Filter>
    </ClInclude>
    <ClInclude Include="source\libraries\glm\gtx\scalar_multiplication.hpp">
      <Filter>libraries\glm</Filter>
    </ClInclude>
    <ClInclude Include="source\libraries\glm\gtx\scalar_relational.hpp">
      <Filter>libraries\glm</Filter>
    </ClInclude>
    <ClInclude Include="source\libraries\glm\gtx\spline.hpp">
      <Filter>libraries\glm</Filter>
    </ClInclude>
    <ClInclude Include="source\libraries\glm\gtx\std_based_type.hpp">
      <Filter>libraries\glm</Filter>
    </ClInclude>
    <ClInclude Include="source\libraries\glm\gtx\string_cast.hpp">
      <Filter>libraries\glm</Filter>
    </ClInclude>
    <ClInclude Include="source\libraries\glm\gtx\transform.hpp">
      <Filter>libraries\glm</Filter>
    </ClInclude>
    <ClInclude Include="source\libraries\glm\gtx\transform2.hpp">
      <Filter>libraries\glm</Filter>
    </ClInclude>
    <ClInclude Include="source\libraries\glm\gtx\type_aligned.hpp">
      <Filter>libraries\glm</Filter>
    </ClInclude>
    <ClInclude Include="source\libraries\glm\gtx\type_trait.hpp">
      <Filter>libraries\glm</Filter>
    </ClInclude>
    <ClInclude Include="source\libraries\glm\gtx\vector_angle.hpp">
      <Filter>libraries\glm</Filter>
    </ClInclude>
    <ClInclude Include="source\libraries\glm\gtx\vector_query.hpp">
      <Filter>libraries\glm</Filter>
    </ClInclude>
    <ClInclude Include="source\libraries\glm\gtx\wrap.hpp">
      <Filter>libraries\glm</Filter>
    </ClInclude>
    <ClInclude Include="source\libraries\glm\integer.hpp">
      <Filter>libraries\glm</Filter>
    </ClInclude>
    <ClInclude Include="source\libraries\glm\mat2x2.hpp">
      <Filter>libraries\glm</Filter>
    </ClInclude>
    <ClInclude Include="source\libraries\glm\mat2x3.hpp">
      <Filter>libraries\glm</Filter>
    </ClInclude>
    <ClInclude Include="source\libraries\glm\mat2x4.hpp">
      <Filter>libraries\glm</Filter>
    </ClInclude>
    <ClInclude Include="source\libraries\glm\mat3x2.hpp">
      <Filter>libraries\glm</Filter>
    </ClInclude>
    <ClInclude Include="source\libraries\glm\mat3x3.hpp">
      <Filter>libraries\glm</Filter>
    </ClInclude>
    <ClInclude Include="source\libraries\glm\mat3x4.hpp">
      <Filter>libraries\glm</Filter>
    </ClInclude>
    <ClInclude Include="source\libraries\glm\mat4x2.hpp">
      <Filter>libraries\glm</Filter>
    </ClInclude>
    <ClInclude Include="source\libraries\glm\mat4x3.hpp">
      <Filter>libraries\glm</Filter>
    </ClInclude>
    <ClInclude Include="source\libraries\glm\mat4x4.hpp">
      <Filter>libraries\glm</Filter>
    </ClInclude>
    <ClInclude Include="source\libraries\glm\matrix.hpp">
      <Filter>libraries\glm</Filter>
    </ClInclude>
    <ClInclude Include="source\libraries\glm\packing.hpp">
      <Filter>libraries\glm</Filter>
    </ClInclude>
    <ClInclude Include="source\libraries\glm\simd\common.h">
      <Filter>libraries\glm</Filter>
    </ClInclude>
    <ClInclude Include="source\libraries\glm\simd\exponential.h">
      <Filter>libraries\glm</Filter>
    </ClInclude>
    <ClInclude Include="source\libraries\glm\simd\geometric.h">
      <Filter>libraries\glm</Filter>
    </ClInclude>
    <ClInclude Include="source\libraries\glm\simd\integer.h">
      <Filter>libraries\glm</Filter>
    </ClInclude>
    <ClInclude Include="source\libraries\glm\simd\matrix.h">
      <Filter>libraries\glm</Filter>
    </ClInclude>
    <ClInclude Include="source\libraries\glm\simd\packing.h">
      <Filter>libraries\glm</Filter>
    </ClInclude>
    <ClInclude Include="source\libraries\glm\simd\platform.h">
      <Filter>libraries\glm</Filter>
    </ClInclude>
    <ClInclude Include="source\libraries\glm\simd\trigonometric.h">
      <Filter>libraries\glm</Filter>
    </ClInclude>
    <ClInclude Include="source\libraries\glm\simd\vector_relational.h">
      <Filter>libraries\glm</Filter>
    </ClInclude>
    <ClInclude Include="source\libraries\glm\trigonometric.hpp">
      <Filter>libraries\glm</Filter>
    </ClInclude>
    <ClInclude Include="source\libraries\glm\vec2.hpp">
      <Filter>libraries\glm</Filter>
    </ClInclude>
    <ClInclude Include="source\libraries\glm\vec3.hpp">
      <Filter>libraries\glm</Filter>
    </ClInclude>
    <ClInclude Include="source\libraries\glm\vec4.hpp">
      <Filter>libraries\glm</Filter>
    </ClInclude>
    <ClInclude Include="source\libraries\glm\vector_relational.hpp">
      <Filter>libraries\glm</Filter>
    </ClInclude>
    <ClInclude Include="source\libraries\imgui\imconfig.h">
      <Filter>libraries\imgui</Filter>
    </ClInclude>
    <ClInclude Include="source\libraries\imgui\imgui.h">
      <Filter>libraries\imgui</Filter>
    </ClInclude>
    <ClInclude Include="source\libraries\imgui\imgui_impl_glfw.h">
      <Filter>libraries\imgui</Filter>
    </ClInclude>
    <ClInclude Include="source\libraries\imgui\imgui_impl_vulkan.h">
      <Filter>libraries\imgui</Filter>
    </ClInclude>
    <ClInclude Include="source\libraries\imgui\imgui_internal.h">
      <Filter>libraries\imgui</Filter>
    </ClInclude>
    <ClInclude Include="source\libraries\imgui\imstb_rectpack.h">
      <Filter>libraries\imgui</Filter>
    </ClInclude>
    <ClInclude Include="source\libraries\imgui\imstb_textedit.h">
      <Filter>libraries\imgui</Filter>
    </ClInclude>
    <ClInclude Include="source\libraries\imgui\imstb_truetype.h">
      <Filter>libraries\imgui</Filter>
    </ClInclude>
    <ClInclude Include="source\libraries\stb\stb_image.h">
      <Filter>libraries\stb</Filter>
    </ClInclude>
    <ClInclude Include="source\libraries\tiny\tiny_obj_loader.h">
      <Filter>libraries\glm</Filter>
    </ClInclude>
  </ItemGroup>
  <ItemGroup>
    <None Include="source\libraries\glm\detail\func_common.inl">
      <Filter>libraries\glm</Filter>
    </None>
    <None Include="source\libraries\glm\detail\func_common_simd.inl">
      <Filter>libraries\glm</Filter>
    </None>
    <None Include="source\libraries\glm\detail\func_exponential.inl">
      <Filter>libraries\glm</Filter>
    </None>
    <None Include="source\libraries\glm\detail\func_exponential_simd.inl">
      <Filter>libraries\glm</Filter>
    </None>
    <None Include="source\libraries\glm\detail\func_geometric.inl">
      <Filter>libraries\glm</Filter>
    </None>
    <None Include="source\libraries\glm\detail\func_geometric_simd.inl">
      <Filter>libraries\glm</Filter>
    </None>
    <None Include="source\libraries\glm\detail\func_integer.inl">
      <Filter>libraries\glm</Filter>
    </None>
    <None Include="source\libraries\glm\detail\func_integer_simd.inl">
      <Filter>libraries\glm</Filter>
    </None>
    <None Include="source\libraries\glm\detail\func_matrix.inl">
      <Filter>libraries\glm</Filter>
    </None>
    <None Include="source\libraries\glm\detail\func_matrix_simd.inl">
      <Filter>libraries\glm</Filter>
    </None>
    <None Include="source\libraries\glm\detail\func_packing.inl">
      <Filter>libraries\glm</Filter>
    </None>
    <None Include="source\libraries\glm\detail\func_packing_simd.inl">
      <Filter>libraries\glm</Filter>
    </None>
    <None Include="source\libraries\glm\detail\func_trigonometric.inl">
      <Filter>libraries\glm</Filter>
    </None>
    <None Include="source\libraries\glm\detail\func_trigonometric_simd.inl">
      <Filter>libraries\glm</Filter>
    </None>
    <None Include="source\libraries\glm\detail\func_vector_relational.inl">
      <Filter>libraries\glm</Filter>
    </None>
    <None Include="source\libraries\glm\detail\func_vector_relational_simd.inl">
      <Filter>libraries\glm</Filter>
    </None>
    <None Include="source\libraries\glm\detail\type_gentype.inl">
      <Filter>libraries\glm</Filter>
    </None>
    <None Include="source\libraries\glm\detail\type_half.inl">
      <Filter>libraries\glm</Filter>
    </None>
    <None Include="source\libraries\glm\detail\type_mat.inl">
      <Filter>libraries\glm</Filter>
    </None>
    <None Include="source\libraries\glm\detail\type_mat2x2.inl">
      <Filter>libraries\glm</Filter>
    </None>
    <None Include="source\libraries\glm\detail\type_mat2x3.inl">
      <Filter>libraries\glm</Filter>
    </None>
    <None Include="source\libraries\glm\detail\type_mat2x4.inl">
      <Filter>libraries\glm</Filter>
    </None>
    <None Include="source\libraries\glm\detail\type_mat3x2.inl">
      <Filter>libraries\glm</Filter>
    </None>
    <None Include="source\libraries\glm\detail\type_mat3x3.inl">
      <Filter>libraries\glm</Filter>
    </None>
    <None Include="source\libraries\glm\detail\type_mat3x4.inl">
      <Filter>libraries\glm</Filter>
    </None>
    <None Include="source\libraries\glm\detail\type_mat4x2.inl">
      <Filter>libraries\glm</Filter>
    </None>
    <None Include="source\libraries\glm\detail\type_mat4x3.inl">
      <Filter>libraries\glm</Filter>
    </None>
    <None Include="source\libraries\glm\detail\type_mat4x4.inl">
      <Filter>libraries\glm</Filter>
    </None>
    <None Include="source\libraries\glm\detail\type_mat4x4_simd.inl">
      <Filter>libraries\glm</Filter>
    </None>
    <None Include="source\libraries\glm\detail\type_vec.inl">
      <Filter>libraries\glm</Filter>
    </None>
    <None Include="source\libraries\glm\detail\type_vec1.inl">
      <Filter>libraries\glm</Filter>
    </None>
    <None Include="source\libraries\glm\detail\type_vec2.inl">
      <Filter>libraries\glm</Filter>
    </None>
    <None Include="source\libraries\glm\detail\type_vec3.inl">
      <Filter>libraries\glm</Filter>
    </None>
    <None Include="source\libraries\glm\detail\type_vec4.inl">
      <Filter>libraries\glm</Filter>
    </None>
    <None Include="source\libraries\glm\detail\type_vec4_simd.inl">
      <Filter>libraries\glm</Filter>
    </None>
    <None Include="source\libraries\glm\gtc\bitfield.inl">
      <Filter>libraries\glm</Filter>
    </None>
    <None Include="source\libraries\glm\gtc\color_encoding.inl">
      <Filter>libraries\glm</Filter>
    </None>
    <None Include="source\libraries\glm\gtc\color_space.inl">
      <Filter>libraries\glm</Filter>
    </None>
    <None Include="source\libraries\glm\gtc\constants.inl">
      <Filter>libraries\glm</Filter>
    </None>
    <None Include="source\libraries\glm\gtc\epsilon.inl">
      <Filter>libraries\glm</Filter>
    </None>
    <None Include="source\libraries\glm\gtc\functions.inl">
      <Filter>libraries\glm</Filter>
    </None>
    <None Include="source\libraries\glm\gtc\integer.inl">
      <Filter>libraries\glm</Filter>
    </None>
    <None Include="source\libraries\glm\gtc\matrix_access.inl">
      <Filter>libraries\glm</Filter>
    </None>
    <None Include="source\libraries\glm\gtc\matrix_inverse.inl">
      <Filter>libraries\glm</Filter>
    </None>
    <None Include="source\libraries\glm\gtc\matrix_transform.inl">
      <Filter>libraries\glm</Filter>
    </None>
    <None Include="source\libraries\glm\gtc\noise.inl">
      <Filter>libraries\glm</Filter>
    </None>
    <None Include="source\libraries\glm\gtc\packing.inl">
      <Filter>libraries\glm</Filter>
    </None>
    <None Include="source\libraries\glm\gtc\quaternion.inl">
      <Filter>libraries\glm</Filter>
    </None>
    <None Include="source\libraries\glm\gtc\quaternion_simd.inl">
      <Filter>libraries\glm</Filter>
    </None>
    <None Include="source\libraries\glm\gtc\random.inl">
      <Filter>libraries\glm</Filter>
    </None>
    <None Include="source\libraries\glm\gtc\reciprocal.inl">
      <Filter>libraries\glm</Filter>
    </None>
    <None Include="source\libraries\glm\gtc\round.inl">
      <Filter>libraries\glm</Filter>
    </None>
    <None Include="source\libraries\glm\gtc\type_precision.inl">
      <Filter>libraries\glm</Filter>
    </None>
    <None Include="source\libraries\glm\gtc\type_ptr.inl">
      <Filter>libraries\glm</Filter>
    </None>
    <None Include="source\libraries\glm\gtc\ulp.inl">
      <Filter>libraries\glm</Filter>
    </None>
    <None Include="source\libraries\glm\gtc\vec1.inl">
      <Filter>libraries\glm</Filter>
    </None>
    <None Include="source\libraries\glm\gtx\associated_min_max.inl">
      <Filter>libraries\glm</Filter>
    </None>
    <None Include="source\libraries\glm\gtx\bit.inl">
      <Filter>libraries\glm</Filter>
    </None>
    <None Include="source\libraries\glm\gtx\closest_point.inl">
      <Filter>libraries\glm</Filter>
    </None>
    <None Include="source\libraries\glm\gtx\color_space.inl">
      <Filter>libraries\glm</Filter>
    </None>
    <None Include="source\libraries\glm\gtx\color_space_YCoCg.inl">
      <Filter>libraries\glm</Filter>
    </None>
    <None Include="source\libraries\glm\gtx\common.inl">
      <Filter>libraries\glm</Filter>
    </None>
    <None Include="source\libraries\glm\gtx\compatibility.inl">
      <Filter>libraries\glm</Filter>
    </None>
    <None Include="source\libraries\glm\gtx\component_wise.inl">
      <Filter>libraries\glm</Filter>
    </None>
    <None Include="source\libraries\glm\gtx\dual_quaternion.inl">
      <Filter>libraries\glm</Filter>
    </None>
    <None Include="source\libraries\glm\gtx\euler_angles.inl">
      <Filter>libraries\glm</Filter>
    </None>
    <None Include="source\libraries\glm\gtx\extend.inl">
      <Filter>libraries\glm</Filter>
    </None>
    <None Include="source\libraries\glm\gtx\extended_min_max.inl">
      <Filter>libraries\glm</Filter>
    </None>
    <None Include="source\libraries\glm\gtx\fast_exponential.inl">
      <Filter>libraries\glm</Filter>
    </None>
    <None Include="source\libraries\glm\gtx\fast_square_root.inl">
      <Filter>libraries\glm</Filter>
    </None>
    <None Include="source\libraries\glm\gtx\fast_trigonometry.inl">
      <Filter>libraries\glm</Filter>
    </None>
    <None Include="source\libraries\glm\gtx\float_notmalize.inl">
      <Filter>libraries\glm</Filter>
    </None>
    <None Include="source\libraries\glm\gtx\gradient_paint.inl">
      <Filter>libraries\glm</Filter>
    </None>
    <None Include="source\libraries\glm\gtx\handed_coordinate_space.inl">
      <Filter>libraries\glm</Filter>
    </None>
    <None Include="source\libraries\glm\gtx\hash.inl">
      <Filter>libraries\glm</Filter>
    </None>
    <None Include="source\libraries\glm\gtx\integer.inl">
      <Filter>libraries\glm</Filter>
    </None>
    <None Include="source\libraries\glm\gtx\intersect.inl">
      <Filter>libraries\glm</Filter>
    </None>
    <None Include="source\libraries\glm\gtx\io.inl">
      <Filter>libraries\glm</Filter>
    </None>
    <None Include="source\libraries\glm\gtx\log_base.inl">
      <Filter>libraries\glm</Filter>
    </None>
    <None Include="source\libraries\glm\gtx\matrix_cross_product.inl">
      <Filter>libraries\glm</Filter>
    </None>
    <None Include="source\libraries\glm\gtx\matrix_decompose.inl">
      <Filter>libraries\glm</Filter>
    </None>
    <None Include="source\libraries\glm\gtx\matrix_interpolation.inl">
      <Filter>libraries\glm</Filter>
    </None>
    <None Include="source\libraries\glm\gtx\matrix_major_storage.inl">
      <Filter>libraries\glm</Filter>
    </None>
    <None Include="source\libraries\glm\gtx\matrix_operation.inl">
      <Filter>libraries\glm</Filter>
    </None>
    <None Include="source\libraries\glm\gtx\matrix_query.inl">
      <Filter>libraries\glm</Filter>
    </None>
    <None Include="source\libraries\glm\gtx\matrix_transform_2d.inl">
      <Filter>libraries\glm</Filter>
    </None>
    <None Include="source\libraries\glm\gtx\mixed_product.inl">
      <Filter>libraries\glm</Filter>
    </None>
    <None Include="source\libraries\glm\gtx\norm.inl">
      <Filter>libraries\glm</Filter>
    </None>
    <None Include="source\libraries\glm\gtx\normal.inl">
      <Filter>libraries\glm</Filter>
    </None>
    <None Include="source\libraries\glm\gtx\normalize_dot.inl">
      <Filter>libraries\glm</Filter>
    </None>
    <None Include="source\libraries\glm\gtx\number_precision.inl">
      <Filter>libraries\glm</Filter>
    </None>
    <None Include="source\libraries\glm\gtx\optimum_pow.inl">
      <Filter>libraries\glm</Filter>
    </None>
    <None Include="source\libraries\glm\gtx\orthonormalize.inl">
      <Filter>libraries\glm</Filter>
    </None>
    <None Include="source\libraries\glm\gtx\perpendicular.inl">
      <Filter>libraries\glm</Filter>
    </None>
    <None Include="source\libraries\glm\gtx\polar_coordinates.inl">
      <Filter>libraries\glm</Filter>
    </None>
    <None Include="source\libraries\glm\gtx\projection.inl">
      <Filter>libraries\glm</Filter>
    </None>
    <None Include="source\libraries\glm\gtx\quaternion.inl">
      <Filter>libraries\glm</Filter>
    </None>
    <None Include="source\libraries\glm\gtx\raw_data.inl">
      <Filter>libraries\glm</Filter>
    </None>
    <None Include="source\libraries\glm\gtx\rotate_normalized_axis.inl">
      <Filter>libraries\glm</Filter>
    </None>
    <None Include="source\libraries\glm\gtx\rotate_vector.inl">
      <Filter>libraries\glm</Filter>
    </None>
    <None Include="source\libraries\glm\gtx\scalar_relational.inl">
      <Filter>libraries\glm</Filter>
    </None>
    <None Include="source\libraries\glm\gtx\spline.inl">
      <Filter>libraries\glm</Filter>
    </None>
    <None Include="source\libraries\glm\gtx\std_based_type.inl">
      <Filter>libraries\glm</Filter>
    </None>
    <None Include="source\libraries\glm\gtx\string_cast.inl">
      <Filter>libraries\glm</Filter>
    </None>
    <None Include="source\libraries\glm\gtx\transform.inl">
      <Filter>libraries\glm</Filter>
    </None>
    <None Include="source\libraries\glm\gtx\transform2.inl">
      <Filter>libraries\glm</Filter>
    </None>
    <None Include="source\libraries\glm\gtx\type_aligned.inl">
      <Filter>libraries\glm</Filter>
    </None>
    <None Include="source\libraries\glm\gtx\type_trait.inl">
      <Filter>libraries\glm</Filter>
    </None>
    <None Include="source\libraries\glm\gtx\vector_angle.inl">
      <Filter>libraries\glm</Filter>
    </None>
    <None Include="source\libraries\glm\gtx\vector_query.inl">
      <Filter>libraries\glm</Filter>
    </None>
    <None Include="source\libraries\glm\gtx\wrap.inl">
      <Filter>libraries\glm</Filter>
    </None>
  </ItemGroup>
</Project>